
Microsoft Visual Studio Solution File, Format Version 12.00
Project("{FAE04EC0-301F-11D3-BF4B-00C04F79EFBC}") = "PABo.Core", "PABo.Core\PABo.Core.csproj", "{B716BFA0-C744-41CF-8650-F0D93095EA4E}"
EndProject
Project("{FAE04EC0-301F-11D3-BF4B-00C04F79EFBC}") = "PABo.Common", "PABo.Common\PABo.Common.csproj", "{85F73AC7-0A74-46D4-9029-06C77E562B0D}"
EndProject
Project("{2150E333-8FDC-42A3-9474-1A3956D46DE8}") = "Core", "Core", "{F8FA2615-13CB-496A-971F-2034DBB1A6FC}"
EndProject
Project("{2150E333-8FDC-42A3-9474-1A3956D46DE8}") = "Application", "Application", "{A555A074-8816-467E-ACA5-ADC840218454}"
EndProject
Project("{FAE04EC0-301F-11D3-BF4B-00C04F79EFBC}") = "PABo.Infrastructure", "PABo.Infrastructure\PABo.Infrastructure.csproj", "{A201943F-988D-420E-A1E9-E3E2A2DFC581}"
EndProject
Project("{FAE04EC0-301F-11D3-BF4B-00C04F79EFBC}") = "PABo.Database", "PABo.Database\PABo.Database.csproj", "{A00BCD00-A945-4800-867D-218C5A15D2C5}"
EndProject
Global
	GlobalSection(SolutionConfigurationPlatforms) = preSolution
		Debug|Any CPU = Debug|Any CPU
		Release|Any CPU = Release|Any CPU
	EndGlobalSection
	GlobalSection(ProjectConfigurationPlatforms) = postSolution
		{B716BFA0-C744-41CF-8650-F0D93095EA4E}.Debug|Any CPU.ActiveCfg = Debug|Any CPU
		{B716BFA0-C744-41CF-8650-F0D93095EA4E}.Debug|Any CPU.Build.0 = Debug|Any CPU
		{B716BFA0-C744-41CF-8650-F0D93095EA4E}.Release|Any CPU.ActiveCfg = Release|Any CPU
		{B716BFA0-C744-41CF-8650-F0D93095EA4E}.Release|Any CPU.Build.0 = Release|Any CPU
		{85F73AC7-0A74-46D4-9029-06C77E562B0D}.Debug|Any CPU.ActiveCfg = Debug|Any CPU
		{85F73AC7-0A74-46D4-9029-06C77E562B0D}.Debug|Any CPU.Build.0 = Debug|Any CPU
		{85F73AC7-0A74-46D4-9029-06C77E562B0D}.Release|Any CPU.ActiveCfg = Release|Any CPU
		{85F73AC7-0A74-46D4-9029-06C77E562B0D}.Release|Any CPU.Build.0 = Release|Any CPU
		{A201943F-988D-420E-A1E9-E3E2A2DFC581}.Debug|Any CPU.ActiveCfg = Debug|Any CPU
		{A201943F-988D-420E-A1E9-E3E2A2DFC581}.Debug|Any CPU.Build.0 = Debug|Any CPU
		{A201943F-988D-420E-A1E9-E3E2A2DFC581}.Release|Any CPU.ActiveCfg = Release|Any CPU
		{A201943F-988D-420E-A1E9-E3E2A2DFC581}.Release|Any CPU.Build.0 = Release|Any CPU
		{A00BCD00-A945-4800-867D-218C5A15D2C5}.Debug|Any CPU.ActiveCfg = Debug|Any CPU
		{A00BCD00-A945-4800-867D-218C5A15D2C5}.Debug|Any CPU.Build.0 = Debug|Any CPU
		{A00BCD00-A945-4800-867D-218C5A15D2C5}.Release|Any CPU.ActiveCfg = Release|Any CPU
		{A00BCD00-A945-4800-867D-218C5A15D2C5}.Release|Any CPU.Build.0 = Release|Any CPU
	EndGlobalSection
	GlobalSection(NestedProjects) = preSolution
		{85F73AC7-0A74-46D4-9029-06C77E562B0D} = {F8FA2615-13CB-496A-971F-2034DBB1A6FC}
		{B716BFA0-C744-41CF-8650-F0D93095EA4E} = {F8FA2615-13CB-496A-971F-2034DBB1A6FC}
		{A201943F-988D-420E-A1E9-E3E2A2DFC581} = {A555A074-8816-467E-ACA5-ADC840218454}
		{A00BCD00-A945-4800-867D-218C5A15D2C5} = {A555A074-8816-467E-ACA5-ADC840218454}
	EndGlobalSection
EndGlobal
